
Microsoft Visual Studio Solution File, Format Version 12.00
# Visual Studio Version 16
VisualStudioVersion = 16.0.30225.117
MinimumVisualStudioVersion = 10.0.40219.1
Project("{FAE04EC0-301F-11D3-BF4B-00C04F79EFBC}") = "Calculator", "Calculator\Calculator.csproj", "{07682BDB-BCDC-488D-8316-0279D86ED74E}"
EndProject
Project("{FAE04EC0-301F-11D3-BF4B-00C04F79EFBC}") = "TestCalculator", "TestCalculator\TestCalculator.csproj", "{8CF5BB11-7882-4B79-802D-9D6A8C774DA8}"
EndProject
Global
	GlobalSection(SolutionConfigurationPlatforms) = preSolution
		Debug|Any CPU = Debug|Any CPU
		Release|Any CPU = Release|Any CPU
	EndGlobalSection
	GlobalSection(ProjectConfigurationPlatforms) = postSolution
		{07682BDB-BCDC-488D-8316-0279D86ED74E}.Debug|Any CPU.ActiveCfg = Debug|Any CPU
		{07682BDB-BCDC-488D-8316-0279D86ED74E}.Debug|Any CPU.Build.0 = Debug|Any CPU
		{07682BDB-BCDC-488D-8316-0279D86ED74E}.Release|Any CPU.ActiveCfg = Release|Any CPU
		{07682BDB-BCDC-488D-8316-0279D86ED74E}.Release|Any CPU.Build.0 = Release|Any CPU
		{8CF5BB11-7882-4B79-802D-9D6A8C774DA8}.Debug|Any CPU.ActiveCfg = Debug|Any CPU
		{8CF5BB11-7882-4B79-802D-9D6A8C774DA8}.Debug|Any CPU.Build.0 = Debug|Any CPU
		{8CF5BB11-7882-4B79-802D-9D6A8C774DA8}.Release|Any CPU.ActiveCfg = Release|Any CPU
		{8CF5BB11-7882-4B79-802D-9D6A8C774DA8}.Release|Any CPU.Build.0 = Release|Any CPU
	EndGlobalSection
	GlobalSection(SolutionProperties) = preSolution
		HideSolutionNode = FALSE
	EndGlobalSection
	GlobalSection(ExtensibilityGlobals) = postSolution
		SolutionGuid = {8BCAD088-F015-456A-8211-650B0E68809C}
	EndGlobalSection
EndGlobal
